
Microsoft Visual Studio Solution File, Format Version 12.00
# Visual Studio Version 16
VisualStudioVersion = 25.0.1704.2
MinimumVisualStudioVersion = 10.0.40219.1
Project("{FAE04EC0-301F-11D3-BF4B-00C04F79EFBC}") = "Kolokwium", "Kolokwium\Kolokwium.csproj", "{72BA2087-CB7A-4A45-905B-23B5403EF0CC}"
EndProject
Global
	GlobalSection(SolutionConfigurationPlatforms) = preSolution
		Debug|Any CPU = Debug|Any CPU
		Release|Any CPU = Release|Any CPU
	EndGlobalSection
	GlobalSection(ProjectConfigurationPlatforms) = postSolution
		{72BA2087-CB7A-4A45-905B-23B5403EF0CC}.Debug|Any CPU.ActiveCfg = Debug|Any CPU
		{72BA2087-CB7A-4A45-905B-23B5403EF0CC}.Debug|Any CPU.Build.0 = Debug|Any CPU
		{72BA2087-CB7A-4A45-905B-23B5403EF0CC}.Release|Any CPU.ActiveCfg = Release|Any CPU
		{72BA2087-CB7A-4A45-905B-23B5403EF0CC}.Release|Any CPU.Build.0 = Release|Any CPU
	EndGlobalSection
	GlobalSection(SolutionProperties) = preSolution
		HideSolutionNode = FALSE
	EndGlobalSection
	GlobalSection(ExtensibilityGlobals) = postSolution
		SolutionGuid = {151468DF-445D-421A-92BF-41F2F5EAC76B}
	EndGlobalSection
EndGlobal
